
Microsoft Visual Studio Solution File, Format Version 12.00
# Visual Studio 15
VisualStudioVersion = 15.0.28307.902
MinimumVisualStudioVersion = 10.0.40219.1
Project("{FAE04EC0-301F-11D3-BF4B-00C04F79EFBC}") = "SA", "SA\SA.csproj", "{77B32612-5764-4BBE-994D-429FDC2E3EE9}"
EndProject
Global
	GlobalSection(SolutionConfigurationPlatforms) = preSolution
		Debug|Any CPU = Debug|Any CPU
		Release|Any CPU = Release|Any CPU
	EndGlobalSection
	GlobalSection(ProjectConfigurationPlatforms) = postSolution
		{77B32612-5764-4BBE-994D-429FDC2E3EE9}.Debug|Any CPU.ActiveCfg = Debug|Any CPU
		{77B32612-5764-4BBE-994D-429FDC2E3EE9}.Debug|Any CPU.Build.0 = Debug|Any CPU
		{77B32612-5764-4BBE-994D-429FDC2E3EE9}.Release|Any CPU.ActiveCfg = Release|Any CPU
		{77B32612-5764-4BBE-994D-429FDC2E3EE9}.Release|Any CPU.Build.0 = Release|Any CPU
	EndGlobalSection
	GlobalSection(SolutionProperties) = preSolution
		HideSolutionNode = FALSE
	EndGlobalSection
	GlobalSection(ExtensibilityGlobals) = postSolution
		SolutionGuid = {9EAA9F63-A194-40E0-AD10-3C1EAE248BE6}
	EndGlobalSection
EndGlobal
